
Microsoft Visual Studio Solution File, Format Version 12.00
# Visual Studio 15
VisualStudioVersion = 15.0.26124.0
MinimumVisualStudioVersion = 15.0.26124.0
Project("{FAE04EC0-301F-11D3-BF4B-00C04F79EFBC}") = "API", "API\API.csproj", "{5E590868-35D6-4B38-9FAA-CEE0AB0FDEC6}"
EndProject
Project("{FAE04EC0-301F-11D3-BF4B-00C04F79EFBC}") = "Core", "Core\Core.csproj", "{B702300D-AEB2-411D-8818-A2AA8F19E78C}"
EndProject
Project("{FAE04EC0-301F-11D3-BF4B-00C04F79EFBC}") = "Infrastructure", "Infrastructure\Infrastructure.csproj", "{C5A52974-A9A7-4AF8-991D-DA9DC8E2DC74}"
EndProject
Global
	GlobalSection(SolutionConfigurationPlatforms) = preSolution
		Debug|Any CPU = Debug|Any CPU
		Debug|x64 = Debug|x64
		Debug|x86 = Debug|x86
		Release|Any CPU = Release|Any CPU
		Release|x64 = Release|x64
		Release|x86 = Release|x86
	EndGlobalSection
	GlobalSection(SolutionProperties) = preSolution
		HideSolutionNode = FALSE
	EndGlobalSection
	GlobalSection(ProjectConfigurationPlatforms) = postSolution
		{5E590868-35D6-4B38-9FAA-CEE0AB0FDEC6}.Debug|Any CPU.ActiveCfg = Debug|Any CPU
		{5E590868-35D6-4B38-9FAA-CEE0AB0FDEC6}.Debug|Any CPU.Build.0 = Debug|Any CPU
		{5E590868-35D6-4B38-9FAA-CEE0AB0FDEC6}.Debug|x64.ActiveCfg = Debug|Any CPU
		{5E590868-35D6-4B38-9FAA-CEE0AB0FDEC6}.Debug|x64.Build.0 = Debug|Any CPU
		{5E590868-35D6-4B38-9FAA-CEE0AB0FDEC6}.Debug|x86.ActiveCfg = Debug|Any CPU
		{5E590868-35D6-4B38-9FAA-CEE0AB0FDEC6}.Debug|x86.Build.0 = Debug|Any CPU
		{5E590868-35D6-4B38-9FAA-CEE0AB0FDEC6}.Release|Any CPU.ActiveCfg = Release|Any CPU
		{5E590868-35D6-4B38-9FAA-CEE0AB0FDEC6}.Release|Any CPU.Build.0 = Release|Any CPU
		{5E590868-35D6-4B38-9FAA-CEE0AB0FDEC6}.Release|x64.ActiveCfg = Release|Any CPU
		{5E590868-35D6-4B38-9FAA-CEE0AB0FDEC6}.Release|x64.Build.0 = Release|Any CPU
		{5E590868-35D6-4B38-9FAA-CEE0AB0FDEC6}.Release|x86.ActiveCfg = Release|Any CPU
		{5E590868-35D6-4B38-9FAA-CEE0AB0FDEC6}.Release|x86.Build.0 = Release|Any CPU
		{B702300D-AEB2-411D-8818-A2AA8F19E78C}.Debug|Any CPU.ActiveCfg = Debug|Any CPU
		{B702300D-AEB2-411D-8818-A2AA8F19E78C}.Debug|Any CPU.Build.0 = Debug|Any CPU
		{B702300D-AEB2-411D-8818-A2AA8F19E78C}.Debug|x64.ActiveCfg = Debug|Any CPU
		{B702300D-AEB2-411D-8818-A2AA8F19E78C}.Debug|x64.Build.0 = Debug|Any CPU
		{B702300D-AEB2-411D-8818-A2AA8F19E78C}.Debug|x86.ActiveCfg = Debug|Any CPU
		{B702300D-AEB2-411D-8818-A2AA8F19E78C}.Debug|x86.Build.0 = Debug|Any CPU
		{B702300D-AEB2-411D-8818-A2AA8F19E78C}.Release|Any CPU.ActiveCfg = Release|Any CPU
		{B702300D-AEB2-411D-8818-A2AA8F19E78C}.Release|Any CPU.Build.0 = Release|Any CPU
		{B702300D-AEB2-411D-8818-A2AA8F19E78C}.Release|x64.ActiveCfg = Release|Any CPU
		{B702300D-AEB2-411D-8818-A2AA8F19E78C}.Release|x64.Build.0 = Release|Any CPU
		{B702300D-AEB2-411D-8818-A2AA8F19E78C}.Release|x86.ActiveCfg = Release|Any CPU
		{B702300D-AEB2-411D-8818-A2AA8F19E78C}.Release|x86.Build.0 = Release|Any CPU
		{C5A52974-A9A7-4AF8-991D-DA9DC8E2DC74}.Debug|Any CPU.ActiveCfg = Debug|Any CPU
		{C5A52974-A9A7-4AF8-991D-DA9DC8E2DC74}.Debug|Any CPU.Build.0 = Debug|Any CPU
		{C5A52974-A9A7-4AF8-991D-DA9DC8E2DC74}.Debug|x64.ActiveCfg = Debug|Any CPU
		{C5A52974-A9A7-4AF8-991D-DA9DC8E2DC74}.Debug|x64.Build.0 = Debug|Any CPU
		{C5A52974-A9A7-4AF8-991D-DA9DC8E2DC74}.Debug|x86.ActiveCfg = Debug|Any CPU
		{C5A52974-A9A7-4AF8-991D-DA9DC8E2DC74}.Debug|x86.Build.0 = Debug|Any CPU
		{C5A52974-A9A7-4AF8-991D-DA9DC8E2DC74}.Release|Any CPU.ActiveCfg = Release|Any CPU
		{C5A52974-A9A7-4AF8-991D-DA9DC8E2DC74}.Release|Any CPU.Build.0 = Release|Any CPU
		{C5A52974-A9A7-4AF8-991D-DA9DC8E2DC74}.Release|x64.ActiveCfg = Release|Any CPU
		{C5A52974-A9A7-4AF8-991D-DA9DC8E2DC74}.Release|x64.Build.0 = Release|Any CPU
		{C5A52974-A9A7-4AF8-991D-DA9DC8E2DC74}.Release|x86.ActiveCfg = Release|Any CPU
		{C5A52974-A9A7-4AF8-991D-DA9DC8E2DC74}.Release|x86.Build.0 = Release|Any CPU
	EndGlobalSection
EndGlobal
